
Microsoft Visual Studio Solution File, Format Version 12.00
# Visual Studio 15
VisualStudioVersion = 15.0.26403.7
MinimumVisualStudioVersion = 10.0.40219.1
Project("{FAE04EC0-301F-11D3-BF4B-00C04F79EFBC}") = "Charity Marathon", "Charity Marathon\Charity Marathon.csproj", "{3026732C-8F40-4D1F-94A6-209E48C3EA4C}"
EndProject
Project("{FAE04EC0-301F-11D3-BF4B-00C04F79EFBC}") = "Ladybugs", "Ladybugs\Ladybugs.csproj", "{60F19703-F298-435F-AC41-5E854F786FC3}"
EndProject
Project("{FAE04EC0-301F-11D3-BF4B-00C04F79EFBC}") = "Nether Realms", "Nether Realms\Nether Realms.csproj", "{DBE1E2B0-4FDA-4C7E-807C-D0DEF83A95ED}"
EndProject
Global
	GlobalSection(SolutionConfigurationPlatforms) = preSolution
		Debug|Any CPU = Debug|Any CPU
		Release|Any CPU = Release|Any CPU
	EndGlobalSection
	GlobalSection(ProjectConfigurationPlatforms) = postSolution
		{3026732C-8F40-4D1F-94A6-209E48C3EA4C}.Debug|Any CPU.ActiveCfg = Debug|Any CPU
		{3026732C-8F40-4D1F-94A6-209E48C3EA4C}.Debug|Any CPU.Build.0 = Debug|Any CPU
		{3026732C-8F40-4D1F-94A6-209E48C3EA4C}.Release|Any CPU.ActiveCfg = Release|Any CPU
		{3026732C-8F40-4D1F-94A6-209E48C3EA4C}.Release|Any CPU.Build.0 = Release|Any CPU
		{60F19703-F298-435F-AC41-5E854F786FC3}.Debug|Any CPU.ActiveCfg = Debug|Any CPU
		{60F19703-F298-435F-AC41-5E854F786FC3}.Debug|Any CPU.Build.0 = Debug|Any CPU
		{60F19703-F298-435F-AC41-5E854F786FC3}.Release|Any CPU.ActiveCfg = Release|Any CPU
		{60F19703-F298-435F-AC41-5E854F786FC3}.Release|Any CPU.Build.0 = Release|Any CPU
		{DBE1E2B0-4FDA-4C7E-807C-D0DEF83A95ED}.Debug|Any CPU.ActiveCfg = Debug|Any CPU
		{DBE1E2B0-4FDA-4C7E-807C-D0DEF83A95ED}.Debug|Any CPU.Build.0 = Debug|Any CPU
		{DBE1E2B0-4FDA-4C7E-807C-D0DEF83A95ED}.Release|Any CPU.ActiveCfg = Release|Any CPU
		{DBE1E2B0-4FDA-4C7E-807C-D0DEF83A95ED}.Release|Any CPU.Build.0 = Release|Any CPU
	EndGlobalSection
	GlobalSection(SolutionProperties) = preSolution
		HideSolutionNode = FALSE
	EndGlobalSection
EndGlobal
