
Microsoft Visual Studio Solution File, Format Version 12.00
# Visual Studio 15
VisualStudioVersion = 15.0.26403.7
MinimumVisualStudioVersion = 10.0.40219.1
Project("{FAE04EC0-301F-11D3-BF4B-00C04F79EFBC}") = "OrderByAge", "OrderByAge\OrderByAge.csproj", "{7145F65C-AEBC-40F5-8529-F9DA2B27B516}"
EndProject
Project("{FAE04EC0-301F-11D3-BF4B-00C04F79EFBC}") = "VehicleCatalogue", "VehicleCatalogue\VehicleCatalogue.csproj", "{BABD7C8F-45CD-418D-9A3E-EC5A657F6839}"
EndProject
Global
	GlobalSection(SolutionConfigurationPlatforms) = preSolution
		Debug|Any CPU = Debug|Any CPU
		Release|Any CPU = Release|Any CPU
	EndGlobalSection
	GlobalSection(ProjectConfigurationPlatforms) = postSolution
		{7145F65C-AEBC-40F5-8529-F9DA2B27B516}.Debug|Any CPU.ActiveCfg = Debug|Any CPU
		{7145F65C-AEBC-40F5-8529-F9DA2B27B516}.Debug|Any CPU.Build.0 = Debug|Any CPU
		{7145F65C-AEBC-40F5-8529-F9DA2B27B516}.Release|Any CPU.ActiveCfg = Release|Any CPU
		{7145F65C-AEBC-40F5-8529-F9DA2B27B516}.Release|Any CPU.Build.0 = Release|Any CPU
		{BABD7C8F-45CD-418D-9A3E-EC5A657F6839}.Debug|Any CPU.ActiveCfg = Debug|Any CPU
		{BABD7C8F-45CD-418D-9A3E-EC5A657F6839}.Debug|Any CPU.Build.0 = Debug|Any CPU
		{BABD7C8F-45CD-418D-9A3E-EC5A657F6839}.Release|Any CPU.ActiveCfg = Release|Any CPU
		{BABD7C8F-45CD-418D-9A3E-EC5A657F6839}.Release|Any CPU.Build.0 = Release|Any CPU
	EndGlobalSection
	GlobalSection(SolutionProperties) = preSolution
		HideSolutionNode = FALSE
	EndGlobalSection
EndGlobal
